
Microsoft Visual Studio Solution File, Format Version 12.00
# Visual Studio 15
VisualStudioVersion = 15.0.26228.4
MinimumVisualStudioVersion = 10.0.40219.1
Project("{9A19103F-16F7-4668-BE54-9A1E7A4F7556}") = "WebSharp.js", "WebSharp.js.csproj", "{6349EB2F-9EFC-40D3-84B7-9A1609EC94B1}"
EndProject
Global
	GlobalSection(SolutionConfigurationPlatforms) = preSolution
		Debug|Any CPU = Debug|Any CPU
		Release|Any CPU = Release|Any CPU
	EndGlobalSection
	GlobalSection(ProjectConfigurationPlatforms) = postSolution
		{6349EB2F-9EFC-40D3-84B7-9A1609EC94B1}.Debug|Any CPU.ActiveCfg = Debug|Any CPU
		{6349EB2F-9EFC-40D3-84B7-9A1609EC94B1}.Debug|Any CPU.Build.0 = Debug|Any CPU
		{6349EB2F-9EFC-40D3-84B7-9A1609EC94B1}.Release|Any CPU.ActiveCfg = Release|Any CPU
		{6349EB2F-9EFC-40D3-84B7-9A1609EC94B1}.Release|Any CPU.Build.0 = Release|Any CPU
	EndGlobalSection
	GlobalSection(SolutionProperties) = preSolution
		HideSolutionNode = FALSE
	EndGlobalSection
EndGlobal
