
Microsoft Visual Studio Solution File, Format Version 12.00
# Visual Studio 2012
Project("{FAE04EC0-301F-11D3-BF4B-00C04F79EFBC}") = "WebSharp.js_macosx", "WebSharp.js_macosx.csproj", "{0620224B-2040-4BF3-A916-EE8EAE2DEC27}"
EndProject
Global
	GlobalSection(SolutionConfigurationPlatforms) = preSolution
		Debug|Any CPU = Debug|Any CPU
		Release|Any CPU = Release|Any CPU
	EndGlobalSection
	GlobalSection(ProjectConfigurationPlatforms) = postSolution
		{0620224B-2040-4BF3-A916-EE8EAE2DEC27}.Debug|Any CPU.ActiveCfg = Debug|Any CPU
		{0620224B-2040-4BF3-A916-EE8EAE2DEC27}.Debug|Any CPU.Build.0 = Debug|Any CPU
		{0620224B-2040-4BF3-A916-EE8EAE2DEC27}.Release|Any CPU.ActiveCfg = Release|Any CPU
		{0620224B-2040-4BF3-A916-EE8EAE2DEC27}.Release|Any CPU.Build.0 = Release|Any CPU
	EndGlobalSection
	GlobalSection(MonoDevelopProperties) = preSolution
		version = 6.5.1
	EndGlobalSection
EndGlobal
