
Microsoft Visual Studio Solution File, Format Version 12.00
# Visual Studio 14
VisualStudioVersion = 14.0.25420.1
MinimumVisualStudioVersion = 10.0.40219.1
Project("{8BC9CEB8-8B4A-11D0-8D11-00A0C91BC942}") = "PPApi", "PPApi\PPApi.vcxproj", "{756470DB-CBD5-4C33-AF76-0296F051ED1D}"
EndProject
Project("{8BC9CEB8-8B4A-11D0-8D11-00A0C91BC942}") = "PepperPlugin", "PepperPlugin\PepperPlugin.vcxproj", "{9C15C28B-981C-420B-8D98-DE97C253FB42}"
	ProjectSection(ProjectDependencies) = postProject
		{756470DB-CBD5-4C33-AF76-0296F051ED1D} = {756470DB-CBD5-4C33-AF76-0296F051ED1D}
	EndProjectSection
EndProject
Project("{FAE04EC0-301F-11D3-BF4B-00C04F79EFBC}") = "PepperSharp", "..\..\PepperSharp\PepperSharp.csproj", "{8BAD5F6C-1700-4D33-AA82-708184D560EB}"
EndProject
Project("{2150E333-8FDC-42A3-9474-1A3956D46DE8}") = "Tests", "Tests", "{3BAE48D4-5F20-421D-B53C-29C6E9A8072A}"
EndProject
Project("{FAE04EC0-301F-11D3-BF4B-00C04F79EFBC}") = "HelloWorld", "..\..\Tests\HelloWorld\HelloWorld.csproj", "{3A3FAECE-EBCE-407A-B7D6-7666FC15181B}"
EndProject
Project("{2150E333-8FDC-42A3-9474-1A3956D46DE8}") = "Examples", "Examples", "{02437F52-2AFC-4B6B-823F-976A55DDF43D}"
EndProject
Project("{FAE04EC0-301F-11D3-BF4B-00C04F79EFBC}") = "Graphics_2D", "..\..\Examples\api\Graphics_2D\Graphics_2D.csproj", "{BA109B7A-B9D1-4CC8-B23C-BEECB0358630}"
EndProject
Project("{FAE04EC0-301F-11D3-BF4B-00C04F79EFBC}") = "MouseCursor", "..\..\Examples\api\MouseCursor\MouseCursor.csproj", "{26C3DFDF-C026-4ACA-B9EB-2703BEEA9711}"
EndProject
Project("{FAE04EC0-301F-11D3-BF4B-00C04F79EFBC}") = "MouseLock", "..\..\Examples\api\MouseLock\MouseLock.csproj", "{9442253A-A06F-433D-B417-45DD1C3D8EAA}"
EndProject
Project("{FAE04EC0-301F-11D3-BF4B-00C04F79EFBC}") = "InputEvent", "..\..\Examples\api\InputEvent\InputEvent.csproj", "{3F43F788-5F72-4D20-9B88-74381F057DB3}"
EndProject
Project("{FAE04EC0-301F-11D3-BF4B-00C04F79EFBC}") = "URL_Loader", "..\..\Examples\api\URL_Loader\URL_Loader.csproj", "{993FBC0A-E79D-47F8-A0C3-19EFF0CED16B}"
EndProject
Project("{FAE04EC0-301F-11D3-BF4B-00C04F79EFBC}") = "Core", "..\..\Examples\api\Core\Core.csproj", "{C26BFF35-A17B-468A-8834-F140B2CDD363}"
EndProject
Project("{FAE04EC0-301F-11D3-BF4B-00C04F79EFBC}") = "WebSocket", "..\..\Examples\api\WebSocket\WebSocket.csproj", "{AAC2BB7D-FBED-4BE9-83F1-B50FFFB75D67}"
EndProject
Project("{FAE04EC0-301F-11D3-BF4B-00C04F79EFBC}") = "VarArrayBuffer", "..\..\Examples\api\VarArrayBuffer\VarArrayBuffer.csproj", "{E9E8A2F4-84DF-4E47-9707-6ED3A001F902}"
EndProject
Global
	GlobalSection(SolutionConfigurationPlatforms) = preSolution
		Debug|Any CPU = Debug|Any CPU
		Debug|Mixed Platforms = Debug|Mixed Platforms
		Debug|x86 = Debug|x86
		Release|Any CPU = Release|Any CPU
		Release|Mixed Platforms = Release|Mixed Platforms
		Release|x86 = Release|x86
	EndGlobalSection
	GlobalSection(ProjectConfigurationPlatforms) = postSolution
		{756470DB-CBD5-4C33-AF76-0296F051ED1D}.Debug|Any CPU.ActiveCfg = Debug|Win32
		{756470DB-CBD5-4C33-AF76-0296F051ED1D}.Debug|Any CPU.Build.0 = Debug|Win32
		{756470DB-CBD5-4C33-AF76-0296F051ED1D}.Debug|Mixed Platforms.ActiveCfg = Debug|Win32
		{756470DB-CBD5-4C33-AF76-0296F051ED1D}.Debug|Mixed Platforms.Build.0 = Debug|Win32
		{756470DB-CBD5-4C33-AF76-0296F051ED1D}.Debug|x86.ActiveCfg = Debug|Win32
		{756470DB-CBD5-4C33-AF76-0296F051ED1D}.Debug|x86.Build.0 = Debug|Win32
		{756470DB-CBD5-4C33-AF76-0296F051ED1D}.Release|Any CPU.ActiveCfg = Release|Win32
		{756470DB-CBD5-4C33-AF76-0296F051ED1D}.Release|Mixed Platforms.ActiveCfg = Release|Win32
		{756470DB-CBD5-4C33-AF76-0296F051ED1D}.Release|Mixed Platforms.Build.0 = Release|Win32
		{756470DB-CBD5-4C33-AF76-0296F051ED1D}.Release|x86.ActiveCfg = Release|Win32
		{756470DB-CBD5-4C33-AF76-0296F051ED1D}.Release|x86.Build.0 = Release|Win32
		{9C15C28B-981C-420B-8D98-DE97C253FB42}.Debug|Any CPU.ActiveCfg = Debug|Win32
		{9C15C28B-981C-420B-8D98-DE97C253FB42}.Debug|Any CPU.Build.0 = Debug|Win32
		{9C15C28B-981C-420B-8D98-DE97C253FB42}.Debug|Mixed Platforms.ActiveCfg = Debug|Win32
		{9C15C28B-981C-420B-8D98-DE97C253FB42}.Debug|Mixed Platforms.Build.0 = Debug|Win32
		{9C15C28B-981C-420B-8D98-DE97C253FB42}.Debug|x86.ActiveCfg = Debug|Win32
		{9C15C28B-981C-420B-8D98-DE97C253FB42}.Debug|x86.Build.0 = Debug|Win32
		{9C15C28B-981C-420B-8D98-DE97C253FB42}.Release|Any CPU.ActiveCfg = Release|Win32
		{9C15C28B-981C-420B-8D98-DE97C253FB42}.Release|Mixed Platforms.ActiveCfg = Release|Win32
		{9C15C28B-981C-420B-8D98-DE97C253FB42}.Release|Mixed Platforms.Build.0 = Release|Win32
		{9C15C28B-981C-420B-8D98-DE97C253FB42}.Release|x86.ActiveCfg = Release|Win32
		{9C15C28B-981C-420B-8D98-DE97C253FB42}.Release|x86.Build.0 = Release|Win32
		{8BAD5F6C-1700-4D33-AA82-708184D560EB}.Debug|Any CPU.ActiveCfg = Debug|Any CPU
		{8BAD5F6C-1700-4D33-AA82-708184D560EB}.Debug|Any CPU.Build.0 = Debug|Any CPU
		{8BAD5F6C-1700-4D33-AA82-708184D560EB}.Debug|Mixed Platforms.ActiveCfg = Debug|Any CPU
		{8BAD5F6C-1700-4D33-AA82-708184D560EB}.Debug|Mixed Platforms.Build.0 = Debug|Any CPU
		{8BAD5F6C-1700-4D33-AA82-708184D560EB}.Debug|x86.ActiveCfg = Debug|Any CPU
		{8BAD5F6C-1700-4D33-AA82-708184D560EB}.Debug|x86.Build.0 = Debug|Any CPU
		{8BAD5F6C-1700-4D33-AA82-708184D560EB}.Release|Any CPU.ActiveCfg = Release|Any CPU
		{8BAD5F6C-1700-4D33-AA82-708184D560EB}.Release|Any CPU.Build.0 = Release|Any CPU
		{8BAD5F6C-1700-4D33-AA82-708184D560EB}.Release|Mixed Platforms.ActiveCfg = Release|Any CPU
		{8BAD5F6C-1700-4D33-AA82-708184D560EB}.Release|Mixed Platforms.Build.0 = Release|Any CPU
		{8BAD5F6C-1700-4D33-AA82-708184D560EB}.Release|x86.ActiveCfg = Release|Any CPU
		{8BAD5F6C-1700-4D33-AA82-708184D560EB}.Release|x86.Build.0 = Release|Any CPU
		{3A3FAECE-EBCE-407A-B7D6-7666FC15181B}.Debug|Any CPU.ActiveCfg = Debug|Any CPU
		{3A3FAECE-EBCE-407A-B7D6-7666FC15181B}.Debug|Any CPU.Build.0 = Debug|Any CPU
		{3A3FAECE-EBCE-407A-B7D6-7666FC15181B}.Debug|Mixed Platforms.ActiveCfg = Debug|Any CPU
		{3A3FAECE-EBCE-407A-B7D6-7666FC15181B}.Debug|Mixed Platforms.Build.0 = Debug|Any CPU
		{3A3FAECE-EBCE-407A-B7D6-7666FC15181B}.Debug|x86.ActiveCfg = Debug|Any CPU
		{3A3FAECE-EBCE-407A-B7D6-7666FC15181B}.Debug|x86.Build.0 = Debug|Any CPU
		{3A3FAECE-EBCE-407A-B7D6-7666FC15181B}.Release|Any CPU.ActiveCfg = Release|Any CPU
		{3A3FAECE-EBCE-407A-B7D6-7666FC15181B}.Release|Any CPU.Build.0 = Release|Any CPU
		{3A3FAECE-EBCE-407A-B7D6-7666FC15181B}.Release|Mixed Platforms.ActiveCfg = Release|Any CPU
		{3A3FAECE-EBCE-407A-B7D6-7666FC15181B}.Release|Mixed Platforms.Build.0 = Release|Any CPU
		{3A3FAECE-EBCE-407A-B7D6-7666FC15181B}.Release|x86.ActiveCfg = Release|Any CPU
		{3A3FAECE-EBCE-407A-B7D6-7666FC15181B}.Release|x86.Build.0 = Release|Any CPU
		{BA109B7A-B9D1-4CC8-B23C-BEECB0358630}.Debug|Any CPU.ActiveCfg = Debug|Any CPU
		{BA109B7A-B9D1-4CC8-B23C-BEECB0358630}.Debug|Any CPU.Build.0 = Debug|Any CPU
		{BA109B7A-B9D1-4CC8-B23C-BEECB0358630}.Debug|Mixed Platforms.ActiveCfg = Debug|Any CPU
		{BA109B7A-B9D1-4CC8-B23C-BEECB0358630}.Debug|Mixed Platforms.Build.0 = Debug|Any CPU
		{BA109B7A-B9D1-4CC8-B23C-BEECB0358630}.Debug|x86.ActiveCfg = Debug|Any CPU
		{BA109B7A-B9D1-4CC8-B23C-BEECB0358630}.Debug|x86.Build.0 = Debug|Any CPU
		{BA109B7A-B9D1-4CC8-B23C-BEECB0358630}.Release|Any CPU.ActiveCfg = Release|Any CPU
		{BA109B7A-B9D1-4CC8-B23C-BEECB0358630}.Release|Any CPU.Build.0 = Release|Any CPU
		{BA109B7A-B9D1-4CC8-B23C-BEECB0358630}.Release|Mixed Platforms.ActiveCfg = Release|Any CPU
		{BA109B7A-B9D1-4CC8-B23C-BEECB0358630}.Release|Mixed Platforms.Build.0 = Release|Any CPU
		{BA109B7A-B9D1-4CC8-B23C-BEECB0358630}.Release|x86.ActiveCfg = Release|Any CPU
		{BA109B7A-B9D1-4CC8-B23C-BEECB0358630}.Release|x86.Build.0 = Release|Any CPU
		{26C3DFDF-C026-4ACA-B9EB-2703BEEA9711}.Debug|Any CPU.ActiveCfg = Debug|Any CPU
		{26C3DFDF-C026-4ACA-B9EB-2703BEEA9711}.Debug|Any CPU.Build.0 = Debug|Any CPU
		{26C3DFDF-C026-4ACA-B9EB-2703BEEA9711}.Debug|Mixed Platforms.ActiveCfg = Debug|Any CPU
		{26C3DFDF-C026-4ACA-B9EB-2703BEEA9711}.Debug|Mixed Platforms.Build.0 = Debug|Any CPU
		{26C3DFDF-C026-4ACA-B9EB-2703BEEA9711}.Debug|x86.ActiveCfg = Debug|Any CPU
		{26C3DFDF-C026-4ACA-B9EB-2703BEEA9711}.Debug|x86.Build.0 = Debug|Any CPU
		{26C3DFDF-C026-4ACA-B9EB-2703BEEA9711}.Release|Any CPU.ActiveCfg = Release|Any CPU
		{26C3DFDF-C026-4ACA-B9EB-2703BEEA9711}.Release|Any CPU.Build.0 = Release|Any CPU
		{26C3DFDF-C026-4ACA-B9EB-2703BEEA9711}.Release|Mixed Platforms.ActiveCfg = Release|Any CPU
		{26C3DFDF-C026-4ACA-B9EB-2703BEEA9711}.Release|Mixed Platforms.Build.0 = Release|Any CPU
		{26C3DFDF-C026-4ACA-B9EB-2703BEEA9711}.Release|x86.ActiveCfg = Release|Any CPU
		{26C3DFDF-C026-4ACA-B9EB-2703BEEA9711}.Release|x86.Build.0 = Release|Any CPU
		{9442253A-A06F-433D-B417-45DD1C3D8EAA}.Debug|Any CPU.ActiveCfg = Debug|Any CPU
		{9442253A-A06F-433D-B417-45DD1C3D8EAA}.Debug|Any CPU.Build.0 = Debug|Any CPU
		{9442253A-A06F-433D-B417-45DD1C3D8EAA}.Debug|Mixed Platforms.ActiveCfg = Debug|Any CPU
		{9442253A-A06F-433D-B417-45DD1C3D8EAA}.Debug|Mixed Platforms.Build.0 = Debug|Any CPU
		{9442253A-A06F-433D-B417-45DD1C3D8EAA}.Debug|x86.ActiveCfg = Debug|Any CPU
		{9442253A-A06F-433D-B417-45DD1C3D8EAA}.Debug|x86.Build.0 = Debug|Any CPU
		{9442253A-A06F-433D-B417-45DD1C3D8EAA}.Release|Any CPU.ActiveCfg = Release|Any CPU
		{9442253A-A06F-433D-B417-45DD1C3D8EAA}.Release|Any CPU.Build.0 = Release|Any CPU
		{9442253A-A06F-433D-B417-45DD1C3D8EAA}.Release|Mixed Platforms.ActiveCfg = Release|Any CPU
		{9442253A-A06F-433D-B417-45DD1C3D8EAA}.Release|Mixed Platforms.Build.0 = Release|Any CPU
		{9442253A-A06F-433D-B417-45DD1C3D8EAA}.Release|x86.ActiveCfg = Release|Any CPU
		{9442253A-A06F-433D-B417-45DD1C3D8EAA}.Release|x86.Build.0 = Release|Any CPU
		{3F43F788-5F72-4D20-9B88-74381F057DB3}.Debug|Any CPU.ActiveCfg = Debug|Any CPU
		{3F43F788-5F72-4D20-9B88-74381F057DB3}.Debug|Any CPU.Build.0 = Debug|Any CPU
		{3F43F788-5F72-4D20-9B88-74381F057DB3}.Debug|Mixed Platforms.ActiveCfg = Debug|Any CPU
		{3F43F788-5F72-4D20-9B88-74381F057DB3}.Debug|Mixed Platforms.Build.0 = Debug|Any CPU
		{3F43F788-5F72-4D20-9B88-74381F057DB3}.Debug|x86.ActiveCfg = Debug|Any CPU
		{3F43F788-5F72-4D20-9B88-74381F057DB3}.Debug|x86.Build.0 = Debug|Any CPU
		{3F43F788-5F72-4D20-9B88-74381F057DB3}.Release|Any CPU.ActiveCfg = Release|Any CPU
		{3F43F788-5F72-4D20-9B88-74381F057DB3}.Release|Any CPU.Build.0 = Release|Any CPU
		{3F43F788-5F72-4D20-9B88-74381F057DB3}.Release|Mixed Platforms.ActiveCfg = Release|Any CPU
		{3F43F788-5F72-4D20-9B88-74381F057DB3}.Release|Mixed Platforms.Build.0 = Release|Any CPU
		{3F43F788-5F72-4D20-9B88-74381F057DB3}.Release|x86.ActiveCfg = Release|Any CPU
		{3F43F788-5F72-4D20-9B88-74381F057DB3}.Release|x86.Build.0 = Release|Any CPU
		{993FBC0A-E79D-47F8-A0C3-19EFF0CED16B}.Debug|Any CPU.ActiveCfg = Debug|Any CPU
		{993FBC0A-E79D-47F8-A0C3-19EFF0CED16B}.Debug|Any CPU.Build.0 = Debug|Any CPU
		{993FBC0A-E79D-47F8-A0C3-19EFF0CED16B}.Debug|Mixed Platforms.ActiveCfg = Debug|Any CPU
		{993FBC0A-E79D-47F8-A0C3-19EFF0CED16B}.Debug|Mixed Platforms.Build.0 = Debug|Any CPU
		{993FBC0A-E79D-47F8-A0C3-19EFF0CED16B}.Debug|x86.ActiveCfg = Debug|Any CPU
		{993FBC0A-E79D-47F8-A0C3-19EFF0CED16B}.Debug|x86.Build.0 = Debug|Any CPU
		{993FBC0A-E79D-47F8-A0C3-19EFF0CED16B}.Release|Any CPU.ActiveCfg = Release|Any CPU
		{993FBC0A-E79D-47F8-A0C3-19EFF0CED16B}.Release|Any CPU.Build.0 = Release|Any CPU
		{993FBC0A-E79D-47F8-A0C3-19EFF0CED16B}.Release|Mixed Platforms.ActiveCfg = Release|Any CPU
		{993FBC0A-E79D-47F8-A0C3-19EFF0CED16B}.Release|Mixed Platforms.Build.0 = Release|Any CPU
		{993FBC0A-E79D-47F8-A0C3-19EFF0CED16B}.Release|x86.ActiveCfg = Release|Any CPU
		{993FBC0A-E79D-47F8-A0C3-19EFF0CED16B}.Release|x86.Build.0 = Release|Any CPU
		{C26BFF35-A17B-468A-8834-F140B2CDD363}.Debug|Any CPU.ActiveCfg = Debug|Any CPU
		{C26BFF35-A17B-468A-8834-F140B2CDD363}.Debug|Any CPU.Build.0 = Debug|Any CPU
		{C26BFF35-A17B-468A-8834-F140B2CDD363}.Debug|Mixed Platforms.ActiveCfg = Debug|Any CPU
		{C26BFF35-A17B-468A-8834-F140B2CDD363}.Debug|Mixed Platforms.Build.0 = Debug|Any CPU
		{C26BFF35-A17B-468A-8834-F140B2CDD363}.Debug|x86.ActiveCfg = Debug|Any CPU
		{C26BFF35-A17B-468A-8834-F140B2CDD363}.Debug|x86.Build.0 = Debug|Any CPU
		{C26BFF35-A17B-468A-8834-F140B2CDD363}.Release|Any CPU.ActiveCfg = Release|Any CPU
		{C26BFF35-A17B-468A-8834-F140B2CDD363}.Release|Any CPU.Build.0 = Release|Any CPU
		{C26BFF35-A17B-468A-8834-F140B2CDD363}.Release|Mixed Platforms.ActiveCfg = Release|Any CPU
		{C26BFF35-A17B-468A-8834-F140B2CDD363}.Release|Mixed Platforms.Build.0 = Release|Any CPU
		{C26BFF35-A17B-468A-8834-F140B2CDD363}.Release|x86.ActiveCfg = Release|Any CPU
		{C26BFF35-A17B-468A-8834-F140B2CDD363}.Release|x86.Build.0 = Release|Any CPU
		{AAC2BB7D-FBED-4BE9-83F1-B50FFFB75D67}.Debug|Any CPU.ActiveCfg = Debug|Any CPU
		{AAC2BB7D-FBED-4BE9-83F1-B50FFFB75D67}.Debug|Any CPU.Build.0 = Debug|Any CPU
		{AAC2BB7D-FBED-4BE9-83F1-B50FFFB75D67}.Debug|Mixed Platforms.ActiveCfg = Debug|Any CPU
		{AAC2BB7D-FBED-4BE9-83F1-B50FFFB75D67}.Debug|Mixed Platforms.Build.0 = Debug|Any CPU
		{AAC2BB7D-FBED-4BE9-83F1-B50FFFB75D67}.Debug|x86.ActiveCfg = Debug|Any CPU
		{AAC2BB7D-FBED-4BE9-83F1-B50FFFB75D67}.Debug|x86.Build.0 = Debug|Any CPU
		{AAC2BB7D-FBED-4BE9-83F1-B50FFFB75D67}.Release|Any CPU.ActiveCfg = Release|Any CPU
		{AAC2BB7D-FBED-4BE9-83F1-B50FFFB75D67}.Release|Any CPU.Build.0 = Release|Any CPU
		{AAC2BB7D-FBED-4BE9-83F1-B50FFFB75D67}.Release|Mixed Platforms.ActiveCfg = Release|Any CPU
		{AAC2BB7D-FBED-4BE9-83F1-B50FFFB75D67}.Release|Mixed Platforms.Build.0 = Release|Any CPU
		{AAC2BB7D-FBED-4BE9-83F1-B50FFFB75D67}.Release|x86.ActiveCfg = Release|Any CPU
		{AAC2BB7D-FBED-4BE9-83F1-B50FFFB75D67}.Release|x86.Build.0 = Release|Any CPU
		{E9E8A2F4-84DF-4E47-9707-6ED3A001F902}.Debug|Any CPU.ActiveCfg = Debug|Any CPU
		{E9E8A2F4-84DF-4E47-9707-6ED3A001F902}.Debug|Any CPU.Build.0 = Debug|Any CPU
		{E9E8A2F4-84DF-4E47-9707-6ED3A001F902}.Debug|Mixed Platforms.ActiveCfg = Debug|Any CPU
		{E9E8A2F4-84DF-4E47-9707-6ED3A001F902}.Debug|Mixed Platforms.Build.0 = Debug|Any CPU
		{E9E8A2F4-84DF-4E47-9707-6ED3A001F902}.Debug|x86.ActiveCfg = Debug|Any CPU
		{E9E8A2F4-84DF-4E47-9707-6ED3A001F902}.Debug|x86.Build.0 = Debug|Any CPU
		{E9E8A2F4-84DF-4E47-9707-6ED3A001F902}.Release|Any CPU.ActiveCfg = Release|Any CPU
		{E9E8A2F4-84DF-4E47-9707-6ED3A001F902}.Release|Any CPU.Build.0 = Release|Any CPU
		{E9E8A2F4-84DF-4E47-9707-6ED3A001F902}.Release|Mixed Platforms.ActiveCfg = Release|Any CPU
		{E9E8A2F4-84DF-4E47-9707-6ED3A001F902}.Release|Mixed Platforms.Build.0 = Release|Any CPU
		{E9E8A2F4-84DF-4E47-9707-6ED3A001F902}.Release|x86.ActiveCfg = Release|Any CPU
		{E9E8A2F4-84DF-4E47-9707-6ED3A001F902}.Release|x86.Build.0 = Release|Any CPU
	EndGlobalSection
	GlobalSection(SolutionProperties) = preSolution
		HideSolutionNode = FALSE
	EndGlobalSection
	GlobalSection(NestedProjects) = preSolution
		{3A3FAECE-EBCE-407A-B7D6-7666FC15181B} = {3BAE48D4-5F20-421D-B53C-29C6E9A8072A}
		{BA109B7A-B9D1-4CC8-B23C-BEECB0358630} = {02437F52-2AFC-4B6B-823F-976A55DDF43D}
		{26C3DFDF-C026-4ACA-B9EB-2703BEEA9711} = {02437F52-2AFC-4B6B-823F-976A55DDF43D}
		{9442253A-A06F-433D-B417-45DD1C3D8EAA} = {02437F52-2AFC-4B6B-823F-976A55DDF43D}
		{3F43F788-5F72-4D20-9B88-74381F057DB3} = {02437F52-2AFC-4B6B-823F-976A55DDF43D}
		{993FBC0A-E79D-47F8-A0C3-19EFF0CED16B} = {02437F52-2AFC-4B6B-823F-976A55DDF43D}
		{C26BFF35-A17B-468A-8834-F140B2CDD363} = {02437F52-2AFC-4B6B-823F-976A55DDF43D}
		{AAC2BB7D-FBED-4BE9-83F1-B50FFFB75D67} = {02437F52-2AFC-4B6B-823F-976A55DDF43D}
		{E9E8A2F4-84DF-4E47-9707-6ED3A001F902} = {02437F52-2AFC-4B6B-823F-976A55DDF43D}
	EndGlobalSection
EndGlobal
