Microsoft Visual Studio Solution File, Format Version 12.00
# Visual Studio 15
VisualStudioVersion = 15.0.26430.16
MinimumVisualStudioVersion = 10.0.40219.1
Project("{2150E333-8FDC-42A3-9474-1A3956D46DE8}") = "Main", "Main", "{1BF9F075-1D6B-4654-ABD0-D00C50256D99}"
EndProject
Project("{FAE04EC0-301F-11D3-BF4B-00C04F79EFBC}") = "MainWindow", ".\Main\MainWindow.csproj", "{0CFD7CB9-6A86-4F42-AEAA-04AA51AF2317}"
EndProject
Project("{2150E333-8FDC-42A3-9474-1A3956D46DE8}") = "Dragger", "Dragger", "{EF447ABA-D587-4C92-BB38-AE2386564778}"
EndProject
Project("{FAE04EC0-301F-11D3-BF4B-00C04F79EFBC}") = "Dragger", ".\Dragger\Dragger.csproj", "{B82A5728-DB19-401B-B79F-E15EAA17E410}"
EndProject
Global
	GlobalSection(SolutionConfigurationPlatforms) = preSolution
		Debug|Any CPU = Debug|Any CPU
		Release|Any CPU = Release|Any CPU
	EndGlobalSection
	GlobalSection(ProjectConfigurationPlatforms) = postSolution
		{0CFD7CB9-6A86-4F42-AEAA-04AA51AF2317}.Debug|Any CPU.ActiveCfg = Debug|Any CPU
		{0CFD7CB9-6A86-4F42-AEAA-04AA51AF2317}.Debug|Any CPU.Build.0 = Debug|Any CPU
		{0CFD7CB9-6A86-4F42-AEAA-04AA51AF2317}.Release|Any CPU.ActiveCfg = Release|Any CPU
		{0CFD7CB9-6A86-4F42-AEAA-04AA51AF2317}.Release|Any CPU.Build.0 = Release|Any CPU
		{B82A5728-DB19-401B-B79F-E15EAA17E410}.Debug|Any CPU.ActiveCfg = Debug|Any CPU
		{B82A5728-DB19-401B-B79F-E15EAA17E410}.Debug|Any CPU.Build.0 = Debug|Any CPU
		{B82A5728-DB19-401B-B79F-E15EAA17E410}.Release|Any CPU.ActiveCfg = Release|Any CPU
		{B82A5728-DB19-401B-B79F-E15EAA17E410}.Release|Any CPU.Build.0 = Release|Any CPU
	EndGlobalSection
	GlobalSection(SolutionProperties) = preSolution
		HideSolutionNode = FALSE
	EndGlobalSection
	GlobalSection(NestedProjects) = preSolution
		{0CFD7CB9-6A86-4F42-AEAA-04AA51AF2317} = {1BF9F075-1D6B-4654-ABD0-D00C50256D99}
		{B82A5728-DB19-401B-B79F-E15EAA17E410} = {EF447ABA-D587-4C92-BB38-AE2386564778}
	EndGlobalSection
EndGlobal
